// !$*UTF8*$!
{
	archiveVersion = 1;
	classes = {
	};
	objectVersion = 55;
	objects = {

/* Begin PBXBuildFile section */
		C74914F427D9DBF700C58386 /* ProfileViewController.swift in Sources */ = {isa = PBXBuildFile; fileRef = C74914F327D9DBF700C58386 /* ProfileViewController.swift */; };
		C74914F827D9DC8900C58386 /* ProfileView.swift in Sources */ = {isa = PBXBuildFile; fileRef = C74914F727D9DC8900C58386 /* ProfileView.swift */; };
		C74914FA27D9DCC800C58386 /* ProfileViewModel.swift in Sources */ = {isa = PBXBuildFile; fileRef = C74914F927D9DCC800C58386 /* ProfileViewModel.swift */; };
		C74914FF27D9DE1C00C58386 /* HomeViewController.swift in Sources */ = {isa = PBXBuildFile; fileRef = C74914FE27D9DE1C00C58386 /* HomeViewController.swift */; };
		C749150127D9DE6B00C58386 /* DetailBookViewController.swift in Sources */ = {isa = PBXBuildFile; fileRef = C749150027D9DE6B00C58386 /* DetailBookViewController.swift */; };
		C749150327D9DEB200C58386 /* HomeViewModel.swift in Sources */ = {isa = PBXBuildFile; fileRef = C749150227D9DEB200C58386 /* HomeViewModel.swift */; };
		C749150527D9DEFA00C58386 /* ListBooksView.swift in Sources */ = {isa = PBXBuildFile; fileRef = C749150427D9DEFA00C58386 /* ListBooksView.swift */; };
		C749150727D9DF1A00C58386 /* DetailBookView.swift in Sources */ = {isa = PBXBuildFile; fileRef = C749150627D9DF1A00C58386 /* DetailBookView.swift */; };
		C749150927D9DF3D00C58386 /* BookTableViewCell.swift in Sources */ = {isa = PBXBuildFile; fileRef = C749150827D9DF3D00C58386 /* BookTableViewCell.swift */; };
		C749150B27D9DF7000C58386 /* HeaderDetailBookTableViewCell.swift in Sources */ = {isa = PBXBuildFile; fileRef = C749150A27D9DF7000C58386 /* HeaderDetailBookTableViewCell.swift */; };
		C749150D27D9DF8300C58386 /* InfoDetailBookTableViewCell.swift in Sources */ = {isa = PBXBuildFile; fileRef = C749150C27D9DF8300C58386 /* InfoDetailBookTableViewCell.swift */; };
		C749151027D9E11500C58386 /* API.swift in Sources */ = {isa = PBXBuildFile; fileRef = C749150F27D9E11500C58386 /* API.swift */; };
		C749151327D9E16C00C58386 /* Book.swift in Sources */ = {isa = PBXBuildFile; fileRef = C749151227D9E16C00C58386 /* Book.swift */; };
		C749151527D9E19A00C58386 /* UserModel.swift in Sources */ = {isa = PBXBuildFile; fileRef = C749151427D9E19A00C58386 /* UserModel.swift */; };
		C749151727D9E1C600C58386 /* DetailBook.swift in Sources */ = {isa = PBXBuildFile; fileRef = C749151627D9E1C600C58386 /* DetailBook.swift */; };
		C749151927D9E23400C58386 /* BookFavoriteModel.swift in Sources */ = {isa = PBXBuildFile; fileRef = C749151827D9E23400C58386 /* BookFavoriteModel.swift */; };
		C749151C27D9E2A500C58386 /* UIImageView.swift in Sources */ = {isa = PBXBuildFile; fileRef = C749151B27D9E2A500C58386 /* UIImageView.swift */; };
		C749151F27DA91F800C58386 /* NSManagedObjectContext.swift in Sources */ = {isa = PBXBuildFile; fileRef = C749151E27DA91F800C58386 /* NSManagedObjectContext.swift */; };
		C749152127DA921600C58386 /* Managed.swift in Sources */ = {isa = PBXBuildFile; fileRef = C749152027DA921600C58386 /* Managed.swift */; };
		C749152327DA923B00C58386 /* CoreDataStack.swift in Sources */ = {isa = PBXBuildFile; fileRef = C749152227DA923B00C58386 /* CoreDataStack.swift */; };
		C749152627DA927700C58386 /* CoreData.xcdatamodeld in Sources */ = {isa = PBXBuildFile; fileRef = C749152427DA927700C58386 /* CoreData.xcdatamodeld */; };
		C749152927DA95F100C58386 /* SearchViewController.swift in Sources */ = {isa = PBXBuildFile; fileRef = C749152827DA95F100C58386 /* SearchViewController.swift */; };
		C7935ADE27D82CA900AC9457 /* AppDelegate.swift in Sources */ = {isa = PBXBuildFile; fileRef = C7935ADD27D82CA900AC9457 /* AppDelegate.swift */; };
		C7935AE227D82CA900AC9457 /* MainController.swift in Sources */ = {isa = PBXBuildFile; fileRef = C7935AE127D82CA900AC9457 /* MainController.swift */; };
		C7935AE727D82CAC00AC9457 /* Assets.xcassets in Resources */ = {isa = PBXBuildFile; fileRef = C7935AE627D82CAC00AC9457 /* Assets.xcassets */; };
		C7935AEA27D82CAC00AC9457 /* LaunchScreen.storyboard in Resources */ = {isa = PBXBuildFile; fileRef = C7935AE827D82CAC00AC9457 /* LaunchScreen.storyboard */; };
		C7935B0527D9C1B300AC9457 /* SplashView.swift in Sources */ = {isa = PBXBuildFile; fileRef = C7935B0427D9C1B300AC9457 /* SplashView.swift */; };
		C7935B0A27D9D21100AC9457 /* OnboardingViewController.swift in Sources */ = {isa = PBXBuildFile; fileRef = C7935B0927D9D21100AC9457 /* OnboardingViewController.swift */; };
		C7935B0C27D9D35100AC9457 /* TabBarController.swift in Sources */ = {isa = PBXBuildFile; fileRef = C7935B0B27D9D35100AC9457 /* TabBarController.swift */; };
		C7935B0F27D9D44100AC9457 /* SignInViewController.swift in Sources */ = {isa = PBXBuildFile; fileRef = C7935B0E27D9D44100AC9457 /* SignInViewController.swift */; };
		C7935B1127D9D47000AC9457 /* SignUpViewController.swift in Sources */ = {isa = PBXBuildFile; fileRef = C7935B1027D9D47000AC9457 /* SignUpViewController.swift */; };
		C7935B1527D9D51C00AC9457 /* LoginViewModel.swift in Sources */ = {isa = PBXBuildFile; fileRef = C7935B1427D9D51B00AC9457 /* LoginViewModel.swift */; };
		C7935B1727D9D5A700AC9457 /* SignUpView.swift in Sources */ = {isa = PBXBuildFile; fileRef = C7935B1627D9D5A700AC9457 /* SignUpView.swift */; };
		C7935B1927D9D5BA00AC9457 /* SignInView.swift in Sources */ = {isa = PBXBuildFile; fileRef = C7935B1827D9D5BA00AC9457 /* SignInView.swift */; };
/* End PBXBuildFile section */

/* Begin PBXFileReference section */
		C74914F327D9DBF700C58386 /* ProfileViewController.swift */ = {isa = PBXFileReference; lastKnownFileType = sourcecode.swift; path = ProfileViewController.swift; sourceTree = "<group>"; };
		C74914F727D9DC8900C58386 /* ProfileView.swift */ = {isa = PBXFileReference; lastKnownFileType = sourcecode.swift; path = ProfileView.swift; sourceTree = "<group>"; };
		C74914F927D9DCC800C58386 /* ProfileViewModel.swift */ = {isa = PBXFileReference; lastKnownFileType = sourcecode.swift; path = ProfileViewModel.swift; sourceTree = "<group>"; };
		C74914FE27D9DE1C00C58386 /* HomeViewController.swift */ = {isa = PBXFileReference; lastKnownFileType = sourcecode.swift; path = HomeViewController.swift; sourceTree = "<group>"; };
		C749150027D9DE6B00C58386 /* DetailBookViewController.swift */ = {isa = PBXFileReference; lastKnownFileType = sourcecode.swift; path = DetailBookViewController.swift; sourceTree = "<group>"; };
		C749150227D9DEB200C58386 /* HomeViewModel.swift */ = {isa = PBXFileReference; lastKnownFileType = sourcecode.swift; path = HomeViewModel.swift; sourceTree = "<group>"; };
		C749150427D9DEFA00C58386 /* ListBooksView.swift */ = {isa = PBXFileReference; lastKnownFileType = sourcecode.swift; path = ListBooksView.swift; sourceTree = "<group>"; };
		C749150627D9DF1A00C58386 /* DetailBookView.swift */ = {isa = PBXFileReference; lastKnownFileType = sourcecode.swift; path = DetailBookView.swift; sourceTree = "<group>"; };
		C749150827D9DF3D00C58386 /* BookTableViewCell.swift */ = {isa = PBXFileReference; lastKnownFileType = sourcecode.swift; path = BookTableViewCell.swift; sourceTree = "<group>"; };
		C749150A27D9DF7000C58386 /* HeaderDetailBookTableViewCell.swift */ = {isa = PBXFileReference; lastKnownFileType = sourcecode.swift; path = HeaderDetailBookTableViewCell.swift; sourceTree = "<group>"; };
		C749150C27D9DF8300C58386 /* InfoDetailBookTableViewCell.swift */ = {isa = PBXFileReference; lastKnownFileType = sourcecode.swift; path = InfoDetailBookTableViewCell.swift; sourceTree = "<group>"; };
		C749150F27D9E11500C58386 /* API.swift */ = {isa = PBXFileReference; lastKnownFileType = sourcecode.swift; path = API.swift; sourceTree = "<group>"; };
		C749151227D9E16C00C58386 /* Book.swift */ = {isa = PBXFileReference; lastKnownFileType = sourcecode.swift; path = Book.swift; sourceTree = "<group>"; };
		C749151427D9E19A00C58386 /* UserModel.swift */ = {isa = PBXFileReference; lastKnownFileType = sourcecode.swift; path = UserModel.swift; sourceTree = "<group>"; };
		C749151627D9E1C600C58386 /* DetailBook.swift */ = {isa = PBXFileReference; lastKnownFileType = sourcecode.swift; path = DetailBook.swift; sourceTree = "<group>"; };
		C749151827D9E23400C58386 /* BookFavoriteModel.swift */ = {isa = PBXFileReference; lastKnownFileType = sourcecode.swift; path = BookFavoriteModel.swift; sourceTree = "<group>"; };
		C749151B27D9E2A500C58386 /* UIImageView.swift */ = {isa = PBXFileReference; lastKnownFileType = sourcecode.swift; path = UIImageView.swift; sourceTree = "<group>"; };
		C749151E27DA91F800C58386 /* NSManagedObjectContext.swift */ = {isa = PBXFileReference; lastKnownFileType = sourcecode.swift; path = NSManagedObjectContext.swift; sourceTree = "<group>"; };
		C749152027DA921600C58386 /* Managed.swift */ = {isa = PBXFileReference; lastKnownFileType = sourcecode.swift; path = Managed.swift; sourceTree = "<group>"; };
		C749152227DA923B00C58386 /* CoreDataStack.swift */ = {isa = PBXFileReference; lastKnownFileType = sourcecode.swift; path = CoreDataStack.swift; sourceTree = "<group>"; };
		C749152527DA927700C58386 /* CoreData.xcdatamodel */ = {isa = PBXFileReference; lastKnownFileType = wrapper.xcdatamodel; path = CoreData.xcdatamodel; sourceTree = "<group>"; };
		C749152827DA95F100C58386 /* SearchViewController.swift */ = {isa = PBXFileReference; lastKnownFileType = sourcecode.swift; path = SearchViewController.swift; sourceTree = "<group>"; };
		C7935ADA27D82CA900AC9457 /* BookS_MVVM.app */ = {isa = PBXFileReference; explicitFileType = wrapper.application; includeInIndex = 0; path = BookS_MVVM.app; sourceTree = BUILT_PRODUCTS_DIR; };
		C7935ADD27D82CA900AC9457 /* AppDelegate.swift */ = {isa = PBXFileReference; lastKnownFileType = sourcecode.swift; path = AppDelegate.swift; sourceTree = "<group>"; };
		C7935AE127D82CA900AC9457 /* MainController.swift */ = {isa = PBXFileReference; lastKnownFileType = sourcecode.swift; path = MainController.swift; sourceTree = "<group>"; };
		C7935AE627D82CAC00AC9457 /* Assets.xcassets */ = {isa = PBXFileReference; lastKnownFileType = folder.assetcatalog; path = Assets.xcassets; sourceTree = "<group>"; };
		C7935AE927D82CAC00AC9457 /* Base */ = {isa = PBXFileReference; lastKnownFileType = file.storyboard; name = Base; path = Base.lproj/LaunchScreen.storyboard; sourceTree = "<group>"; };
		C7935AEB27D82CAC00AC9457 /* Info.plist */ = {isa = PBXFileReference; lastKnownFileType = text.plist.xml; path = Info.plist; sourceTree = "<group>"; };
		C7935B0427D9C1B300AC9457 /* SplashView.swift */ = {isa = PBXFileReference; lastKnownFileType = sourcecode.swift; path = SplashView.swift; sourceTree = "<group>"; };
		C7935B0927D9D21100AC9457 /* OnboardingViewController.swift */ = {isa = PBXFileReference; lastKnownFileType = sourcecode.swift; path = OnboardingViewController.swift; sourceTree = "<group>"; };
		C7935B0B27D9D35100AC9457 /* TabBarController.swift */ = {isa = PBXFileReference; lastKnownFileType = sourcecode.swift; path = TabBarController.swift; sourceTree = "<group>"; };
		C7935B0E27D9D44100AC9457 /* SignInViewController.swift */ = {isa = PBXFileReference; lastKnownFileType = sourcecode.swift; path = SignInViewController.swift; sourceTree = "<group>"; };
		C7935B1027D9D47000AC9457 /* SignUpViewController.swift */ = {isa = PBXFileReference; lastKnownFileType = sourcecode.swift; path = SignUpViewController.swift; sourceTree = "<group>"; };
		C7935B1427D9D51B00AC9457 /* LoginViewModel.swift */ = {isa = PBXFileReference; lastKnownFileType = sourcecode.swift; path = LoginViewModel.swift; sourceTree = "<group>"; };
		C7935B1627D9D5A700AC9457 /* SignUpView.swift */ = {isa = PBXFileReference; lastKnownFileType = sourcecode.swift; path = SignUpView.swift; sourceTree = "<group>"; };
		C7935B1827D9D5BA00AC9457 /* SignInView.swift */ = {isa = PBXFileReference; lastKnownFileType = sourcecode.swift; path = SignInView.swift; sourceTree = "<group>"; };
/* End PBXFileReference section */

/* Begin PBXFrameworksBuildPhase section */
		C7935AD727D82CA900AC9457 /* Frameworks */ = {
			isa = PBXFrameworksBuildPhase;
			buildActionMask = 2147483647;
			files = (
			);
			runOnlyForDeploymentPostprocessing = 0;
		};
/* End PBXFrameworksBuildPhase section */

/* Begin PBXGroup section */
		C74914F527D9DC3200C58386 /* ViewModel */ = {
			isa = PBXGroup;
			children = (
				C74914F927D9DCC800C58386 /* ProfileViewModel.swift */,
			);
			path = ViewModel;
			sourceTree = "<group>";
		};
		C74914F627D9DC4500C58386 /* Views */ = {
			isa = PBXGroup;
			children = (
				C74914F727D9DC8900C58386 /* ProfileView.swift */,
			);
			path = Views;
			sourceTree = "<group>";
		};
		C74914FB27D9DD3A00C58386 /* Home */ = {
			isa = PBXGroup;
			children = (
				C74914FE27D9DE1C00C58386 /* HomeViewController.swift */,
				C749150027D9DE6B00C58386 /* DetailBookViewController.swift */,
				C74914FD27D9DD8B00C58386 /* Views */,
				C74914FC27D9DD5D00C58386 /* ViewModel */,
			);
			path = Home;
			sourceTree = "<group>";
		};
		C74914FC27D9DD5D00C58386 /* ViewModel */ = {
			isa = PBXGroup;
			children = (
				C749150227D9DEB200C58386 /* HomeViewModel.swift */,
			);
			path = ViewModel;
			sourceTree = "<group>";
		};
		C74914FD27D9DD8B00C58386 /* Views */ = {
			isa = PBXGroup;
			children = (
				C749150427D9DEFA00C58386 /* ListBooksView.swift */,
				C749150627D9DF1A00C58386 /* DetailBookView.swift */,
				C749150827D9DF3D00C58386 /* BookTableViewCell.swift */,
				C749150A27D9DF7000C58386 /* HeaderDetailBookTableViewCell.swift */,
				C749150C27D9DF8300C58386 /* InfoDetailBookTableViewCell.swift */,
			);
			path = Views;
			sourceTree = "<group>";
		};
		C749150E27D9E10400C58386 /* API */ = {
			isa = PBXGroup;
			children = (
				C749150F27D9E11500C58386 /* API.swift */,
			);
			path = API;
			sourceTree = "<group>";
		};
		C749151127D9E14C00C58386 /* Models */ = {
			isa = PBXGroup;
			children = (
				C749151227D9E16C00C58386 /* Book.swift */,
				C749151427D9E19A00C58386 /* UserModel.swift */,
				C749151627D9E1C600C58386 /* DetailBook.swift */,
				C749151827D9E23400C58386 /* BookFavoriteModel.swift */,
			);
			path = Models;
			sourceTree = "<group>";
		};
		C749151A27D9E28100C58386 /* Extensions */ = {
			isa = PBXGroup;
			children = (
				C749151B27D9E2A500C58386 /* UIImageView.swift */,
			);
			path = Extensions;
			sourceTree = "<group>";
		};
		C749151D27DA916D00C58386 /* DataBase */ = {
			isa = PBXGroup;
			children = (
				C749152427DA927700C58386 /* CoreData.xcdatamodeld */,
				C749152027DA921600C58386 /* Managed.swift */,
				C749151E27DA91F800C58386 /* NSManagedObjectContext.swift */,
				C749152227DA923B00C58386 /* CoreDataStack.swift */,
			);
			path = DataBase;
			sourceTree = "<group>";
		};
		C749152727DA95C500C58386 /* Search */ = {
			isa = PBXGroup;
			children = (
				C749152827DA95F100C58386 /* SearchViewController.swift */,
			);
			path = Search;
			sourceTree = "<group>";
		};
		C7935AD127D82CA900AC9457 = {
			isa = PBXGroup;
			children = (
				C7935ADC27D82CA900AC9457 /* BookS_MVVM */,
				C7935ADB27D82CA900AC9457 /* Products */,
			);
			sourceTree = "<group>";
		};
		C7935ADB27D82CA900AC9457 /* Products */ = {
			isa = PBXGroup;
			children = (
				C7935ADA27D82CA900AC9457 /* BookS_MVVM.app */,
			);
			name = Products;
			sourceTree = "<group>";
		};
		C7935ADC27D82CA900AC9457 /* BookS_MVVM */ = {
			isa = PBXGroup;
			children = (
				C749152727DA95C500C58386 /* Search */,
				C749151D27DA916D00C58386 /* DataBase */,
				C749151127D9E14C00C58386 /* Models */,
				C749150E27D9E10400C58386 /* API */,
				C74914FB27D9DD3A00C58386 /* Home */,
				C7935B1E27D9D98600AC9457 /* Profile */,
				C7935B1A27D9D75D00AC9457 /* New Group1 */,
				C7935B0D27D9D40F00AC9457 /* Login */,
				C7935AEB27D82CAC00AC9457 /* Info.plist */,
				C7935B0627D9CFCF00AC9457 /* Onboarding */,
				C7935B0327D9C17900AC9457 /* Main */,
				C749151A27D9E28100C58386 /* Extensions */,
				C7935B0227D9C03000AC9457 /* SupportFiles */,
			);
			path = BookS_MVVM;
			sourceTree = "<group>";
		};
		C7935B0227D9C03000AC9457 /* SupportFiles */ = {
			isa = PBXGroup;
			children = (
				C7935AE827D82CAC00AC9457 /* LaunchScreen.storyboard */,
				C7935ADD27D82CA900AC9457 /* AppDelegate.swift */,
				C7935AE627D82CAC00AC9457 /* Assets.xcassets */,
			);
			path = SupportFiles;
			sourceTree = "<group>";
		};
		C7935B0327D9C17900AC9457 /* Main */ = {
			isa = PBXGroup;
			children = (
				C7935AE127D82CA900AC9457 /* MainController.swift */,
				C7935B0427D9C1B300AC9457 /* SplashView.swift */,
				C7935B0B27D9D35100AC9457 /* TabBarController.swift */,
			);
			path = Main;
			sourceTree = "<group>";
		};
		C7935B0627D9CFCF00AC9457 /* Onboarding */ = {
			isa = PBXGroup;
			children = (
				C7935B0927D9D21100AC9457 /* OnboardingViewController.swift */,
			);
			path = Onboarding;
			sourceTree = "<group>";
		};
		C7935B0D27D9D40F00AC9457 /* Login */ = {
			isa = PBXGroup;
			children = (
				C7935B0E27D9D44100AC9457 /* SignInViewController.swift */,
				C7935B1027D9D47000AC9457 /* SignUpViewController.swift */,
				C7935B1327D9D4E400AC9457 /* Views */,
				C7935B1227D9D4D800AC9457 /* ViewModels */,
			);
			path = Login;
			sourceTree = "<group>";
		};
		C7935B1227D9D4D800AC9457 /* ViewModels */ = {
			isa = PBXGroup;
			children = (
				C7935B1427D9D51B00AC9457 /* LoginViewModel.swift */,
			);
			path = ViewModels;
			sourceTree = "<group>";
		};
		C7935B1327D9D4E400AC9457 /* Views */ = {
			isa = PBXGroup;
			children = (
				C7935B1627D9D5A700AC9457 /* SignUpView.swift */,
				C7935B1827D9D5BA00AC9457 /* SignInView.swift */,
			);
			path = Views;
			sourceTree = "<group>";
		};
		C7935B1A27D9D75D00AC9457 /* New Group1 */ = {
			isa = PBXGroup;
			children = (
			);
			path = "New Group1";
			sourceTree = "<group>";
		};
		C7935B1E27D9D98600AC9457 /* Profile */ = {
			isa = PBXGroup;
			children = (
				C74914F327D9DBF700C58386 /* ProfileViewController.swift */,
				C74914F627D9DC4500C58386 /* Views */,
				C74914F527D9DC3200C58386 /* ViewModel */,
			);
			path = Profile;
			sourceTree = "<group>";
		};
/* End PBXGroup section */

/* Begin PBXNativeTarget section */
		C7935AD927D82CA900AC9457 /* BookS_MVVM */ = {
			isa = PBXNativeTarget;
			buildConfigurationList = C7935AEE27D82CAC00AC9457 /* Build configuration list for PBXNativeTarget "BookS_MVVM" */;
			buildPhases = (
				C7935AD627D82CA900AC9457 /* Sources */,
				C7935AD727D82CA900AC9457 /* Frameworks */,
				C7935AD827D82CA900AC9457 /* Resources */,
			);
			buildRules = (
			);
			dependencies = (
			);
			name = BookS_MVVM;
			productName = BookS_MVVM;
			productReference = C7935ADA27D82CA900AC9457 /* BookS_MVVM.app */;
			productType = "com.apple.product-type.application";
		};
/* End PBXNativeTarget section */

/* Begin PBXProject section */
		C7935AD227D82CA900AC9457 /* Project object */ = {
			isa = PBXProject;
			attributes = {
				BuildIndependentTargetsInParallel = 1;
				LastSwiftUpdateCheck = 1320;
				LastUpgradeCheck = 1320;
				TargetAttributes = {
					C7935AD927D82CA900AC9457 = {
						CreatedOnToolsVersion = 13.2;
					};
				};
			};
			buildConfigurationList = C7935AD527D82CA900AC9457 /* Build configuration list for PBXProject "BookS_MVVM" */;
			compatibilityVersion = "Xcode 13.0";
			developmentRegion = en;
			hasScannedForEncodings = 0;
			knownRegions = (
				en,
				Base,
			);
			mainGroup = C7935AD127D82CA900AC9457;
			productRefGroup = C7935ADB27D82CA900AC9457 /* Products */;
			projectDirPath = "";
			projectRoot = "";
			targets = (
				C7935AD927D82CA900AC9457 /* BookS_MVVM */,
			);
		};
/* End PBXProject section */

/* Begin PBXResourcesBuildPhase section */
		C7935AD827D82CA900AC9457 /* Resources */ = {
			isa = PBXResourcesBuildPhase;
			buildActionMask = 2147483647;
			files = (
				C7935AEA27D82CAC00AC9457 /* LaunchScreen.storyboard in Resources */,
				C7935AE727D82CAC00AC9457 /* Assets.xcassets in Resources */,
			);
			runOnlyForDeploymentPostprocessing = 0;
		};
/* End PBXResourcesBuildPhase section */

/* Begin PBXSourcesBuildPhase section */
		C7935AD627D82CA900AC9457 /* Sources */ = {
			isa = PBXSourcesBuildPhase;
			buildActionMask = 2147483647;
			files = (
				C749152127DA921600C58386 /* Managed.swift in Sources */,
				C749151027D9E11500C58386 /* API.swift in Sources */,
				C749151C27D9E2A500C58386 /* UIImageView.swift in Sources */,
				C749150B27D9DF7000C58386 /* HeaderDetailBookTableViewCell.swift in Sources */,
				C7935AE227D82CA900AC9457 /* MainController.swift in Sources */,
				C7935B1127D9D47000AC9457 /* SignUpViewController.swift in Sources */,
				C7935ADE27D82CA900AC9457 /* AppDelegate.swift in Sources */,
				C749150327D9DEB200C58386 /* HomeViewModel.swift in Sources */,
				C7935B0F27D9D44100AC9457 /* SignInViewController.swift in Sources */,
				C74914F827D9DC8900C58386 /* ProfileView.swift in Sources */,
				C749152927DA95F100C58386 /* SearchViewController.swift in Sources */,
				C749151327D9E16C00C58386 /* Book.swift in Sources */,
				C74914FF27D9DE1C00C58386 /* HomeViewController.swift in Sources */,
				C749151527D9E19A00C58386 /* UserModel.swift in Sources */,
				C7935B1927D9D5BA00AC9457 /* SignInView.swift in Sources */,
				C749151F27DA91F800C58386 /* NSManagedObjectContext.swift in Sources */,
				C749152327DA923B00C58386 /* CoreDataStack.swift in Sources */,
				C749150927D9DF3D00C58386 /* BookTableViewCell.swift in Sources */,
				C749152627DA927700C58386 /* CoreData.xcdatamodeld in Sources */,
				C7935B1527D9D51C00AC9457 /* LoginViewModel.swift in Sources */,
				C74914F427D9DBF700C58386 /* ProfileViewController.swift in Sources */,
				C7935B0527D9C1B300AC9457 /* SplashView.swift in Sources */,
				C7935B0C27D9D35100AC9457 /* TabBarController.swift in Sources */,
				C749150527D9DEFA00C58386 /* ListBooksView.swift in Sources */,
				C74914FA27D9DCC800C58386 /* ProfileViewModel.swift in Sources */,
				C749150727D9DF1A00C58386 /* DetailBookView.swift in Sources */,
				C7935B1727D9D5A700AC9457 /* SignUpView.swift in Sources */,
				C749151727D9E1C600C58386 /* DetailBook.swift in Sources */,
				C7935B0A27D9D21100AC9457 /* OnboardingViewController.swift in Sources */,
				C749150127D9DE6B00C58386 /* DetailBookViewController.swift in Sources */,
				C749151927D9E23400C58386 /* BookFavoriteModel.swift in Sources */,
				C749150D27D9DF8300C58386 /* InfoDetailBookTableViewCell.swift in Sources */,
			);
			runOnlyForDeploymentPostprocessing = 0;
		};
/* End PBXSourcesBuildPhase section */

/* Begin PBXVariantGroup section */
		C7935AE827D82CAC00AC9457 /* LaunchScreen.storyboard */ = {
			isa = PBXVariantGroup;
			children = (
				C7935AE927D82CAC00AC9457 /* Base */,
			);
			name = LaunchScreen.storyboard;
			sourceTree = "<group>";
		};
/* End PBXVariantGroup section */

/* Begin XCBuildConfiguration section */
		C7935AEC27D82CAC00AC9457 /* Debug */ = {
			isa = XCBuildConfiguration;
			buildSettings = {
				ALWAYS_SEARCH_USER_PATHS = NO;
				CLANG_ANALYZER_NONNULL = YES;
				CLANG_ANALYZER_NUMBER_OBJECT_CONVERSION = YES_AGGRESSIVE;
				CLANG_CXX_LANGUAGE_STANDARD = "gnu++17";
				CLANG_CXX_LIBRARY = "libc++";
				CLANG_ENABLE_MODULES = YES;
				CLANG_ENABLE_OBJC_ARC = YES;
				CLANG_ENABLE_OBJC_WEAK = YES;
				CLANG_WARN_BLOCK_CAPTURE_AUTORELEASING = YES;
				CLANG_WARN_BOOL_CONVERSION = YES;
				CLANG_WARN_COMMA = YES;
				CLANG_WARN_CONSTANT_CONVERSION = YES;
				CLANG_WARN_DEPRECATED_OBJC_IMPLEMENTATIONS = YES;
				CLANG_WARN_DIRECT_OBJC_ISA_USAGE = YES_ERROR;
				CLANG_WARN_DOCUMENTATION_COMMENTS = YES;
				CLANG_WARN_EMPTY_BODY = YES;
				CLANG_WARN_ENUM_CONVERSION = YES;
				CLANG_WARN_INFINITE_RECURSION = YES;
				CLANG_WARN_INT_CONVERSION = YES;
				CLANG_WARN_NON_LITERAL_NULL_CONVERSION = YES;
				CLANG_WARN_OBJC_IMPLICIT_RETAIN_SELF = YES;
				CLANG_WARN_OBJC_LITERAL_CONVERSION = YES;
				CLANG_WARN_OBJC_ROOT_CLASS = YES_ERROR;
				CLANG_WARN_QUOTED_INCLUDE_IN_FRAMEWORK_HEADER = YES;
				CLANG_WARN_RANGE_LOOP_ANALYSIS = YES;
				CLANG_WARN_STRICT_PROTOTYPES = YES;
				CLANG_WARN_SUSPICIOUS_MOVE = YES;
				CLANG_WARN_UNGUARDED_AVAILABILITY = YES_AGGRESSIVE;
				CLANG_WARN_UNREACHABLE_CODE = YES;
				CLANG_WARN__DUPLICATE_METHOD_MATCH = YES;
				COPY_PHASE_STRIP = NO;
				DEBUG_INFORMATION_FORMAT = dwarf;
				ENABLE_STRICT_OBJC_MSGSEND = YES;
				ENABLE_TESTABILITY = YES;
				GCC_C_LANGUAGE_STANDARD = gnu11;
				GCC_DYNAMIC_NO_PIC = NO;
				GCC_NO_COMMON_BLOCKS = YES;
				GCC_OPTIMIZATION_LEVEL = 0;
				GCC_PREPROCESSOR_DEFINITIONS = (
					"DEBUG=1",
					"$(inherited)",
				);
				GCC_WARN_64_TO_32_BIT_CONVERSION = YES;
				GCC_WARN_ABOUT_RETURN_TYPE = YES_ERROR;
				GCC_WARN_UNDECLARED_SELECTOR = YES;
				GCC_WARN_UNINITIALIZED_AUTOS = YES_AGGRESSIVE;
				GCC_WARN_UNUSED_FUNCTION = YES;
				GCC_WARN_UNUSED_VARIABLE = YES;
				IPHONEOS_DEPLOYMENT_TARGET = 15.2;
				MTL_ENABLE_DEBUG_INFO = INCLUDE_SOURCE;
				MTL_FAST_MATH = YES;
				ONLY_ACTIVE_ARCH = YES;
				SDKROOT = iphoneos;
				SWIFT_ACTIVE_COMPILATION_CONDITIONS = DEBUG;
				SWIFT_OPTIMIZATION_LEVEL = "-Onone";
			};
			name = Debug;
		};
		C7935AED27D82CAC00AC9457 /* Release */ = {
			isa = XCBuildConfiguration;
			buildSettings = {
				ALWAYS_SEARCH_USER_PATHS = NO;
				CLANG_ANALYZER_NONNULL = YES;
				CLANG_ANALYZER_NUMBER_OBJECT_CONVERSION = YES_AGGRESSIVE;
				CLANG_CXX_LANGUAGE_STANDARD = "gnu++17";
				CLANG_CXX_LIBRARY = "libc++";
				CLANG_ENABLE_MODULES = YES;
				CLANG_ENABLE_OBJC_ARC = YES;
				CLANG_ENABLE_OBJC_WEAK = YES;
				CLANG_WARN_BLOCK_CAPTURE_AUTORELEASING = YES;
				CLANG_WARN_BOOL_CONVERSION = YES;
				CLANG_WARN_COMMA = YES;
				CLANG_WARN_CONSTANT_CONVERSION = YES;
				CLANG_WARN_DEPRECATED_OBJC_IMPLEMENTATIONS = YES;
				CLANG_WARN_DIRECT_OBJC_ISA_USAGE = YES_ERROR;
				CLANG_WARN_DOCUMENTATION_COMMENTS = YES;
				CLANG_WARN_EMPTY_BODY = YES;
				CLANG_WARN_ENUM_CONVERSION = YES;
				CLANG_WARN_INFINITE_RECURSION = YES;
				CLANG_WARN_INT_CONVERSION = YES;
				CLANG_WARN_NON_LITERAL_NULL_CONVERSION = YES;
				CLANG_WARN_OBJC_IMPLICIT_RETAIN_SELF = YES;
				CLANG_WARN_OBJC_LITERAL_CONVERSION = YES;
				CLANG_WARN_OBJC_ROOT_CLASS = YES_ERROR;
				CLANG_WARN_QUOTED_INCLUDE_IN_FRAMEWORK_HEADER = YES;
				CLANG_WARN_RANGE_LOOP_ANALYSIS = YES;
				CLANG_WARN_STRICT_PROTOTYPES = YES;
				CLANG_WARN_SUSPICIOUS_MOVE = YES;
				CLANG_WARN_UNGUARDED_AVAILABILITY = YES_AGGRESSIVE;
				CLANG_WARN_UNREACHABLE_CODE = YES;
				CLANG_WARN__DUPLICATE_METHOD_MATCH = YES;
				COPY_PHASE_STRIP = NO;
				DEBUG_INFORMATION_FORMAT = "dwarf-with-dsym";
				ENABLE_NS_ASSERTIONS = NO;
				ENABLE_STRICT_OBJC_MSGSEND = YES;
				GCC_C_LANGUAGE_STANDARD = gnu11;
				GCC_NO_COMMON_BLOCKS = YES;
				GCC_WARN_64_TO_32_BIT_CONVERSION = YES;
				GCC_WARN_ABOUT_RETURN_TYPE = YES_ERROR;
				GCC_WARN_UNDECLARED_SELECTOR = YES;
				GCC_WARN_UNINITIALIZED_AUTOS = YES_AGGRESSIVE;
				GCC_WARN_UNUSED_FUNCTION = YES;
				GCC_WARN_UNUSED_VARIABLE = YES;
				IPHONEOS_DEPLOYMENT_TARGET = 15.2;
				MTL_ENABLE_DEBUG_INFO = NO;
				MTL_FAST_MATH = YES;
				SDKROOT = iphoneos;
				SWIFT_COMPILATION_MODE = wholemodule;
				SWIFT_OPTIMIZATION_LEVEL = "-O";
				VALIDATE_PRODUCT = YES;
			};
			name = Release;
		};
		C7935AEF27D82CAC00AC9457 /* Debug */ = {
			isa = XCBuildConfiguration;
			buildSettings = {
				ASSETCATALOG_COMPILER_APPICON_NAME = AppIcon;
				ASSETCATALOG_COMPILER_GLOBAL_ACCENT_COLOR_NAME = AccentColor;
				CODE_SIGN_STYLE = Automatic;
				CURRENT_PROJECT_VERSION = 1;
				DEVELOPMENT_TEAM = 7J58VMDCUU;
				GENERATE_INFOPLIST_FILE = YES;
				INFOPLIST_FILE = BookS_MVVM/Info.plist;
				INFOPLIST_KEY_NSCameraUsageDescription = allow;
				INFOPLIST_KEY_NSPhotoLibraryUsageDescription = allow;
				INFOPLIST_KEY_UIApplicationSupportsIndirectInputEvents = YES;
				INFOPLIST_KEY_UILaunchStoryboardName = LaunchScreen;
				INFOPLIST_KEY_UISupportedInterfaceOrientations_iPad = "UIInterfaceOrientationPortrait UIInterfaceOrientationPortraitUpsideDown UIInterfaceOrientationLandscapeLeft UIInterfaceOrientationLandscapeRight";
				INFOPLIST_KEY_UISupportedInterfaceOrientations_iPhone = "UIInterfaceOrientationPortrait UIInterfaceOrientationLandscapeLeft UIInterfaceOrientationLandscapeRight";
				LD_RUNPATH_SEARCH_PATHS = (
					"$(inherited)",
					"@executable_path/Frameworks",
				);
				MARKETING_VERSION = 1.0;
				PRODUCT_BUNDLE_IDENTIFIER = "com.sgpv.BookS-MVVM";
				PRODUCT_NAME = "$(TARGET_NAME)";
				SWIFT_EMIT_LOC_STRINGS = YES;
				SWIFT_VERSION = 5.0;
				TARGETED_DEVICE_FAMILY = "1,2";
			};
			name = Debug;
		};
		C7935AF027D82CAC00AC9457 /* Release */ = {
			isa = XCBuildConfiguration;
			buildSettings = {
				ASSETCATALOG_COMPILER_APPICON_NAME = AppIcon;
				ASSETCATALOG_COMPILER_GLOBAL_ACCENT_COLOR_NAME = AccentColor;
				CODE_SIGN_STYLE = Automatic;
				CURRENT_PROJECT_VERSION = 1;
				DEVELOPMENT_TEAM = 7J58VMDCUU;
				GENERATE_INFOPLIST_FILE = YES;
				INFOPLIST_FILE = BookS_MVVM/Info.plist;
				INFOPLIST_KEY_NSCameraUsageDescription = allow;
				INFOPLIST_KEY_NSPhotoLibraryUsageDescription = allow;
				INFOPLIST_KEY_UIApplicationSupportsIndirectInputEvents = YES;
				INFOPLIST_KEY_UILaunchStoryboardName = LaunchScreen;
				INFOPLIST_KEY_UISupportedInterfaceOrientations_iPad = "UIInterfaceOrientationPortrait UIInterfaceOrientationPortraitUpsideDown UIInterfaceOrientationLandscapeLeft UIInterfaceOrientationLandscapeRight";
				INFOPLIST_KEY_UISupportedInterfaceOrientations_iPhone = "UIInterfaceOrientationPortrait UIInterfaceOrientationLandscapeLeft UIInterfaceOrientationLandscapeRight";
				LD_RUNPATH_SEARCH_PATHS = (
					"$(inherited)",
					"@executable_path/Frameworks",
				);
				MARKETING_VERSION = 1.0;
				PRODUCT_BUNDLE_IDENTIFIER = "com.sgpv.BookS-MVVM";
				PRODUCT_NAME = "$(TARGET_NAME)";
				SWIFT_EMIT_LOC_STRINGS = YES;
				SWIFT_VERSION = 5.0;
				TARGETED_DEVICE_FAMILY = "1,2";
			};
			name = Release;
		};
/* End XCBuildConfiguration section */

/* Begin XCConfigurationList section */
		C7935AD527D82CA900AC9457 /* Build configuration list for PBXProject "BookS_MVVM" */ = {
			isa = XCConfigurationList;
			buildConfigurations = (
				C7935AEC27D82CAC00AC9457 /* Debug */,
				C7935AED27D82CAC00AC9457 /* Release */,
			);
			defaultConfigurationIsVisible = 0;
			defaultConfigurationName = Release;
		};
		C7935AEE27D82CAC00AC9457 /* Build configuration list for PBXNativeTarget "BookS_MVVM" */ = {
			isa = XCConfigurationList;
			buildConfigurations = (
				C7935AEF27D82CAC00AC9457 /* Debug */,
				C7935AF027D82CAC00AC9457 /* Release */,
			);
			defaultConfigurationIsVisible = 0;
			defaultConfigurationName = Release;
		};
/* End XCConfigurationList section */

/* Begin XCVersionGroup section */
		C749152427DA927700C58386 /* CoreData.xcdatamodeld */ = {
			isa = XCVersionGroup;
			children = (
				C749152527DA927700C58386 /* CoreData.xcdatamodel */,
			);
			currentVersion = C749152527DA927700C58386 /* CoreData.xcdatamodel */;
			path = CoreData.xcdatamodeld;
			sourceTree = "<group>";
			versionGroupType = wrapper.xcdatamodel;
		};
/* End XCVersionGroup section */
	};
	rootObject = C7935AD227D82CA900AC9457 /* Project object */;
}
