// !$*UTF8*$!
{
	archiveVersion = 1;
	classes = {
	};
	objectVersion = 55;
	objects = {

/* Begin PBXBuildFile section */
		C736273927DAD9BB00765DEF /* CoreDataStack.swift in Sources */ = {isa = PBXBuildFile; fileRef = C736273827DAD9BB00765DEF /* CoreDataStack.swift */; };
		C736273B27DAD9F300765DEF /* Managed.swift in Sources */ = {isa = PBXBuildFile; fileRef = C736273A27DAD9F300765DEF /* Managed.swift */; };
		C736273D27DADA1000765DEF /* NSManagedObjectContext+Extensions.swift in Sources */ = {isa = PBXBuildFile; fileRef = C736273C27DADA1000765DEF /* NSManagedObjectContext+Extensions.swift */; };
		C736274027DADAB500765DEF /* SignInViewController.swift in Sources */ = {isa = PBXBuildFile; fileRef = C736273F27DADAB500765DEF /* SignInViewController.swift */; };
		C736274227DADAF700765DEF /* SignUpViewController.swift in Sources */ = {isa = PBXBuildFile; fileRef = C736274127DADAF700765DEF /* SignUpViewController.swift */; };
		C736274627DADB5C00765DEF /* LoginViewModel.swift in Sources */ = {isa = PBXBuildFile; fileRef = C736274527DADB5C00765DEF /* LoginViewModel.swift */; };
		C736274827DADBA300765DEF /* SignUpView.swift in Sources */ = {isa = PBXBuildFile; fileRef = C736274727DADBA300765DEF /* SignUpView.swift */; };
		C736274A27DADBE400765DEF /* SignInView.swift in Sources */ = {isa = PBXBuildFile; fileRef = C736274927DADBE400765DEF /* SignInView.swift */; };
		C736274D27DADD4E00765DEF /* ProfileViewController.swift in Sources */ = {isa = PBXBuildFile; fileRef = C736274C27DADD4E00765DEF /* ProfileViewController.swift */; };
		C736275127DADE4300765DEF /* ProfileViewModel.swift in Sources */ = {isa = PBXBuildFile; fileRef = C736275027DADE4300765DEF /* ProfileViewModel.swift */; };
		C736275327DADEB100765DEF /* ProfileView.swift in Sources */ = {isa = PBXBuildFile; fileRef = C736275227DADEB100765DEF /* ProfileView.swift */; };
		C736275627DADFD500765DEF /* Book.swift in Sources */ = {isa = PBXBuildFile; fileRef = C736275527DADFD500765DEF /* Book.swift */; };
		C736275827DAE0A000765DEF /* DetailBook.swift in Sources */ = {isa = PBXBuildFile; fileRef = C736275727DAE0A000765DEF /* DetailBook.swift */; };
		C736275A27DAE0F600765DEF /* UserModel.swift in Sources */ = {isa = PBXBuildFile; fileRef = C736275927DAE0F600765DEF /* UserModel.swift */; };
		C736276027DAE77A00765DEF /* CoreData.xcdatamodeld in Sources */ = {isa = PBXBuildFile; fileRef = C736275E27DAE77A00765DEF /* CoreData.xcdatamodeld */; };
		C736276227DAECB200765DEF /* BookFavoriteModel.swift in Sources */ = {isa = PBXBuildFile; fileRef = C736276127DAECB200765DEF /* BookFavoriteModel.swift */; };
		C736276527DAED4F00765DEF /* API.swift in Sources */ = {isa = PBXBuildFile; fileRef = C736276427DAED4F00765DEF /* API.swift */; };
		C736276A27DAEFC900765DEF /* SearchViewController.swift in Sources */ = {isa = PBXBuildFile; fileRef = C736276927DAEFC900765DEF /* SearchViewController.swift */; };
		C736276C27DAF01700765DEF /* EmptySearchView.swift in Sources */ = {isa = PBXBuildFile; fileRef = C736276B27DAF01700765DEF /* EmptySearchView.swift */; };
		C736276E27DAF04100765DEF /* SearchViewModel.swift in Sources */ = {isa = PBXBuildFile; fileRef = C736276D27DAF04100765DEF /* SearchViewModel.swift */; };
		C736277327DAF10700765DEF /* HomeViewController.swift in Sources */ = {isa = PBXBuildFile; fileRef = C736277227DAF10700765DEF /* HomeViewController.swift */; };
		C736277527DAF19000765DEF /* DetailBookViewController.swift in Sources */ = {isa = PBXBuildFile; fileRef = C736277427DAF19000765DEF /* DetailBookViewController.swift */; };
		C736277727DAF1B700765DEF /* HomeViewModel.swift in Sources */ = {isa = PBXBuildFile; fileRef = C736277627DAF1B700765DEF /* HomeViewModel.swift */; };
		C736277927DAF22200765DEF /* ListBooksView.swift in Sources */ = {isa = PBXBuildFile; fileRef = C736277827DAF22200765DEF /* ListBooksView.swift */; };
		C736277B27DAF24B00765DEF /* DetailBookView.swift in Sources */ = {isa = PBXBuildFile; fileRef = C736277A27DAF24B00765DEF /* DetailBookView.swift */; };
		C736277D27DAF26C00765DEF /* BookTableViewCell.swift in Sources */ = {isa = PBXBuildFile; fileRef = C736277C27DAF26C00765DEF /* BookTableViewCell.swift */; };
		C736277F27DAF2B400765DEF /* HeaderDetailBookTableViewCell.swift in Sources */ = {isa = PBXBuildFile; fileRef = C736277E27DAF2B400765DEF /* HeaderDetailBookTableViewCell.swift */; };
		C736278127DAF2D000765DEF /* InfoDetailBookTableViewCell.swift in Sources */ = {isa = PBXBuildFile; fileRef = C736278027DAF2D000765DEF /* InfoDetailBookTableViewCell.swift */; };
		C749151C27D9E2A500C58386 /* UIImageView.swift in Sources */ = {isa = PBXBuildFile; fileRef = C749151B27D9E2A500C58386 /* UIImageView.swift */; };
		C7935ADE27D82CA900AC9457 /* AppDelegate.swift in Sources */ = {isa = PBXBuildFile; fileRef = C7935ADD27D82CA900AC9457 /* AppDelegate.swift */; };
		C7935AE227D82CA900AC9457 /* MainController.swift in Sources */ = {isa = PBXBuildFile; fileRef = C7935AE127D82CA900AC9457 /* MainController.swift */; };
		C7935AE727D82CAC00AC9457 /* Assets.xcassets in Resources */ = {isa = PBXBuildFile; fileRef = C7935AE627D82CAC00AC9457 /* Assets.xcassets */; };
		C7935AEA27D82CAC00AC9457 /* LaunchScreen.storyboard in Resources */ = {isa = PBXBuildFile; fileRef = C7935AE827D82CAC00AC9457 /* LaunchScreen.storyboard */; };
		C7935B0527D9C1B300AC9457 /* SplashView.swift in Sources */ = {isa = PBXBuildFile; fileRef = C7935B0427D9C1B300AC9457 /* SplashView.swift */; };
		C7935B0C27D9D35100AC9457 /* TabBarController.swift in Sources */ = {isa = PBXBuildFile; fileRef = C7935B0B27D9D35100AC9457 /* TabBarController.swift */; };
/* End PBXBuildFile section */

/* Begin PBXFileReference section */
		C736273827DAD9BB00765DEF /* CoreDataStack.swift */ = {isa = PBXFileReference; lastKnownFileType = sourcecode.swift; path = CoreDataStack.swift; sourceTree = "<group>"; };
		C736273A27DAD9F300765DEF /* Managed.swift */ = {isa = PBXFileReference; lastKnownFileType = sourcecode.swift; path = Managed.swift; sourceTree = "<group>"; };
		C736273C27DADA1000765DEF /* NSManagedObjectContext+Extensions.swift */ = {isa = PBXFileReference; lastKnownFileType = sourcecode.swift; path = "NSManagedObjectContext+Extensions.swift"; sourceTree = "<group>"; };
		C736273F27DADAB500765DEF /* SignInViewController.swift */ = {isa = PBXFileReference; lastKnownFileType = sourcecode.swift; path = SignInViewController.swift; sourceTree = "<group>"; };
		C736274127DADAF700765DEF /* SignUpViewController.swift */ = {isa = PBXFileReference; lastKnownFileType = sourcecode.swift; path = SignUpViewController.swift; sourceTree = "<group>"; };
		C736274527DADB5C00765DEF /* LoginViewModel.swift */ = {isa = PBXFileReference; lastKnownFileType = sourcecode.swift; path = LoginViewModel.swift; sourceTree = "<group>"; };
		C736274727DADBA300765DEF /* SignUpView.swift */ = {isa = PBXFileReference; lastKnownFileType = sourcecode.swift; path = SignUpView.swift; sourceTree = "<group>"; };
		C736274927DADBE400765DEF /* SignInView.swift */ = {isa = PBXFileReference; lastKnownFileType = sourcecode.swift; path = SignInView.swift; sourceTree = "<group>"; };
		C736274C27DADD4E00765DEF /* ProfileViewController.swift */ = {isa = PBXFileReference; lastKnownFileType = sourcecode.swift; path = ProfileViewController.swift; sourceTree = "<group>"; };
		C736275027DADE4300765DEF /* ProfileViewModel.swift */ = {isa = PBXFileReference; lastKnownFileType = sourcecode.swift; path = ProfileViewModel.swift; sourceTree = "<group>"; };
		C736275227DADEB100765DEF /* ProfileView.swift */ = {isa = PBXFileReference; lastKnownFileType = sourcecode.swift; path = ProfileView.swift; sourceTree = "<group>"; };
		C736275527DADFD500765DEF /* Book.swift */ = {isa = PBXFileReference; lastKnownFileType = sourcecode.swift; path = Book.swift; sourceTree = "<group>"; };
		C736275727DAE0A000765DEF /* DetailBook.swift */ = {isa = PBXFileReference; lastKnownFileType = sourcecode.swift; path = DetailBook.swift; sourceTree = "<group>"; };
		C736275927DAE0F600765DEF /* UserModel.swift */ = {isa = PBXFileReference; lastKnownFileType = sourcecode.swift; path = UserModel.swift; sourceTree = "<group>"; };
		C736275F27DAE77A00765DEF /* CoreData.xcdatamodel */ = {isa = PBXFileReference; lastKnownFileType = wrapper.xcdatamodel; path = CoreData.xcdatamodel; sourceTree = "<group>"; };
		C736276127DAECB200765DEF /* BookFavoriteModel.swift */ = {isa = PBXFileReference; lastKnownFileType = sourcecode.swift; path = BookFavoriteModel.swift; sourceTree = "<group>"; };
		C736276427DAED4F00765DEF /* API.swift */ = {isa = PBXFileReference; lastKnownFileType = sourcecode.swift; path = API.swift; sourceTree = "<group>"; };
		C736276927DAEFC900765DEF /* SearchViewController.swift */ = {isa = PBXFileReference; lastKnownFileType = sourcecode.swift; path = SearchViewController.swift; sourceTree = "<group>"; };
		C736276B27DAF01700765DEF /* EmptySearchView.swift */ = {isa = PBXFileReference; lastKnownFileType = sourcecode.swift; path = EmptySearchView.swift; sourceTree = "<group>"; };
		C736276D27DAF04100765DEF /* SearchViewModel.swift */ = {isa = PBXFileReference; lastKnownFileType = sourcecode.swift; path = SearchViewModel.swift; sourceTree = "<group>"; };
		C736277227DAF10700765DEF /* HomeViewController.swift */ = {isa = PBXFileReference; lastKnownFileType = sourcecode.swift; path = HomeViewController.swift; sourceTree = "<group>"; };
		C736277427DAF19000765DEF /* DetailBookViewController.swift */ = {isa = PBXFileReference; lastKnownFileType = sourcecode.swift; path = DetailBookViewController.swift; sourceTree = "<group>"; };
		C736277627DAF1B700765DEF /* HomeViewModel.swift */ = {isa = PBXFileReference; lastKnownFileType = sourcecode.swift; path = HomeViewModel.swift; sourceTree = "<group>"; };
		C736277827DAF22200765DEF /* ListBooksView.swift */ = {isa = PBXFileReference; lastKnownFileType = sourcecode.swift; path = ListBooksView.swift; sourceTree = "<group>"; };
		C736277A27DAF24B00765DEF /* DetailBookView.swift */ = {isa = PBXFileReference; lastKnownFileType = sourcecode.swift; path = DetailBookView.swift; sourceTree = "<group>"; };
		C736277C27DAF26C00765DEF /* BookTableViewCell.swift */ = {isa = PBXFileReference; lastKnownFileType = sourcecode.swift; path = BookTableViewCell.swift; sourceTree = "<group>"; };
		C736277E27DAF2B400765DEF /* HeaderDetailBookTableViewCell.swift */ = {isa = PBXFileReference; lastKnownFileType = sourcecode.swift; path = HeaderDetailBookTableViewCell.swift; sourceTree = "<group>"; };
		C736278027DAF2D000765DEF /* InfoDetailBookTableViewCell.swift */ = {isa = PBXFileReference; lastKnownFileType = sourcecode.swift; path = InfoDetailBookTableViewCell.swift; sourceTree = "<group>"; };
		C749151B27D9E2A500C58386 /* UIImageView.swift */ = {isa = PBXFileReference; lastKnownFileType = sourcecode.swift; path = UIImageView.swift; sourceTree = "<group>"; };
		C7935ADA27D82CA900AC9457 /* BookS_MVVM.app */ = {isa = PBXFileReference; explicitFileType = wrapper.application; includeInIndex = 0; path = BookS_MVVM.app; sourceTree = BUILT_PRODUCTS_DIR; };
		C7935ADD27D82CA900AC9457 /* AppDelegate.swift */ = {isa = PBXFileReference; lastKnownFileType = sourcecode.swift; path = AppDelegate.swift; sourceTree = "<group>"; };
		C7935AE127D82CA900AC9457 /* MainController.swift */ = {isa = PBXFileReference; lastKnownFileType = sourcecode.swift; path = MainController.swift; sourceTree = "<group>"; };
		C7935AE627D82CAC00AC9457 /* Assets.xcassets */ = {isa = PBXFileReference; lastKnownFileType = folder.assetcatalog; path = Assets.xcassets; sourceTree = "<group>"; };
		C7935AE927D82CAC00AC9457 /* Base */ = {isa = PBXFileReference; lastKnownFileType = file.storyboard; name = Base; path = Base.lproj/LaunchScreen.storyboard; sourceTree = "<group>"; };
		C7935AEB27D82CAC00AC9457 /* Info.plist */ = {isa = PBXFileReference; lastKnownFileType = text.plist.xml; path = Info.plist; sourceTree = "<group>"; };
		C7935B0427D9C1B300AC9457 /* SplashView.swift */ = {isa = PBXFileReference; lastKnownFileType = sourcecode.swift; path = SplashView.swift; sourceTree = "<group>"; };
		C7935B0B27D9D35100AC9457 /* TabBarController.swift */ = {isa = PBXFileReference; lastKnownFileType = sourcecode.swift; path = TabBarController.swift; sourceTree = "<group>"; };
/* End PBXFileReference section */

/* Begin PBXFrameworksBuildPhase section */
		C7935AD727D82CA900AC9457 /* Frameworks */ = {
			isa = PBXFrameworksBuildPhase;
			buildActionMask = 2147483647;
			files = (
			);
			runOnlyForDeploymentPostprocessing = 0;
		};
/* End PBXFrameworksBuildPhase section */

/* Begin PBXGroup section */
		C736273427DAD87A00765DEF /* Database */ = {
			isa = PBXGroup;
			children = (
				C736275E27DAE77A00765DEF /* CoreData.xcdatamodeld */,
				C736273827DAD9BB00765DEF /* CoreDataStack.swift */,
				C736273A27DAD9F300765DEF /* Managed.swift */,
				C736273C27DADA1000765DEF /* NSManagedObjectContext+Extensions.swift */,
			);
			path = Database;
			sourceTree = "<group>";
		};
		C736273E27DADA5500765DEF /* Login */ = {
			isa = PBXGroup;
			children = (
				C736273F27DADAB500765DEF /* SignInViewController.swift */,
				C736274127DADAF700765DEF /* SignUpViewController.swift */,
				C736274327DADAFC00765DEF /* ViewModels */,
				C736274427DADB3800765DEF /* Views */,
			);
			path = Login;
			sourceTree = "<group>";
		};
		C736274327DADAFC00765DEF /* ViewModels */ = {
			isa = PBXGroup;
			children = (
				C736274527DADB5C00765DEF /* LoginViewModel.swift */,
			);
			path = ViewModels;
			sourceTree = "<group>";
		};
		C736274427DADB3800765DEF /* Views */ = {
			isa = PBXGroup;
			children = (
				C736274727DADBA300765DEF /* SignUpView.swift */,
				C736274927DADBE400765DEF /* SignInView.swift */,
			);
			path = Views;
			sourceTree = "<group>";
		};
		C736274B27DADCFD00765DEF /* Profile */ = {
			isa = PBXGroup;
			children = (
				C736274C27DADD4E00765DEF /* ProfileViewController.swift */,
				C736274E27DADDFA00765DEF /* ViewModels */,
				C736274F27DADE0600765DEF /* Views */,
			);
			path = Profile;
			sourceTree = "<group>";
		};
		C736274E27DADDFA00765DEF /* ViewModels */ = {
			isa = PBXGroup;
			children = (
				C736275027DADE4300765DEF /* ProfileViewModel.swift */,
			);
			path = ViewModels;
			sourceTree = "<group>";
		};
		C736274F27DADE0600765DEF /* Views */ = {
			isa = PBXGroup;
			children = (
				C736275227DADEB100765DEF /* ProfileView.swift */,
			);
			path = Views;
			sourceTree = "<group>";
		};
		C736275427DADF6900765DEF /* Models */ = {
			isa = PBXGroup;
			children = (
				C736275527DADFD500765DEF /* Book.swift */,
				C736275727DAE0A000765DEF /* DetailBook.swift */,
				C736275927DAE0F600765DEF /* UserModel.swift */,
				C736276127DAECB200765DEF /* BookFavoriteModel.swift */,
			);
			path = Models;
			sourceTree = "<group>";
		};
		C736276327DAED2D00765DEF /* API */ = {
			isa = PBXGroup;
			children = (
				C736276427DAED4F00765DEF /* API.swift */,
			);
			path = API;
			sourceTree = "<group>";
		};
		C736276627DAEE4700765DEF /* Search */ = {
			isa = PBXGroup;
			children = (
				C736276927DAEFC900765DEF /* SearchViewController.swift */,
				C736276827DAEE5B00765DEF /* Views */,
				C736276727DAEE5200765DEF /* ViewModels */,
			);
			path = Search;
			sourceTree = "<group>";
		};
		C736276727DAEE5200765DEF /* ViewModels */ = {
			isa = PBXGroup;
			children = (
				C736276D27DAF04100765DEF /* SearchViewModel.swift */,
			);
			path = ViewModels;
			sourceTree = "<group>";
		};
		C736276827DAEE5B00765DEF /* Views */ = {
			isa = PBXGroup;
			children = (
				C736276B27DAF01700765DEF /* EmptySearchView.swift */,
			);
			path = Views;
			sourceTree = "<group>";
		};
		C736276F27DAF0C500765DEF /* Home */ = {
			isa = PBXGroup;
			children = (
				C736277427DAF19000765DEF /* DetailBookViewController.swift */,
				C736277227DAF10700765DEF /* HomeViewController.swift */,
				C736277127DAF0E700765DEF /* ViewModels */,
				C736277027DAF0D400765DEF /* Views */,
			);
			path = Home;
			sourceTree = "<group>";
		};
		C736277027DAF0D400765DEF /* Views */ = {
			isa = PBXGroup;
			children = (
				C736277827DAF22200765DEF /* ListBooksView.swift */,
				C736277A27DAF24B00765DEF /* DetailBookView.swift */,
				C736277C27DAF26C00765DEF /* BookTableViewCell.swift */,
				C736277E27DAF2B400765DEF /* HeaderDetailBookTableViewCell.swift */,
				C736278027DAF2D000765DEF /* InfoDetailBookTableViewCell.swift */,
			);
			path = Views;
			sourceTree = "<group>";
		};
		C736277127DAF0E700765DEF /* ViewModels */ = {
			isa = PBXGroup;
			children = (
				C736277627DAF1B700765DEF /* HomeViewModel.swift */,
			);
			path = ViewModels;
			sourceTree = "<group>";
		};
		C749151A27D9E28100C58386 /* Extensions */ = {
			isa = PBXGroup;
			children = (
				C749151B27D9E2A500C58386 /* UIImageView.swift */,
			);
			path = Extensions;
			sourceTree = "<group>";
		};
		C7935AD127D82CA900AC9457 = {
			isa = PBXGroup;
			children = (
				C7935ADC27D82CA900AC9457 /* BookS_MVVM */,
				C7935ADB27D82CA900AC9457 /* Products */,
			);
			sourceTree = "<group>";
		};
		C7935ADB27D82CA900AC9457 /* Products */ = {
			isa = PBXGroup;
			children = (
				C7935ADA27D82CA900AC9457 /* BookS_MVVM.app */,
			);
			name = Products;
			sourceTree = "<group>";
		};
		C7935ADC27D82CA900AC9457 /* BookS_MVVM */ = {
			isa = PBXGroup;
			children = (
				C7935AEB27D82CAC00AC9457 /* Info.plist */,
				C736273427DAD87A00765DEF /* Database */,
				C736273E27DADA5500765DEF /* Login */,
				C7935B0327D9C17900AC9457 /* Main */,
				C736274B27DADCFD00765DEF /* Profile */,
				C736276627DAEE4700765DEF /* Search */,
				C736276F27DAF0C500765DEF /* Home */,
				C736276327DAED2D00765DEF /* API */,
				C736275427DADF6900765DEF /* Models */,
				C749151A27D9E28100C58386 /* Extensions */,
				C7935B0227D9C03000AC9457 /* SupportFiles */,
			);
			path = BookS_MVVM;
			sourceTree = "<group>";
		};
		C7935B0227D9C03000AC9457 /* SupportFiles */ = {
			isa = PBXGroup;
			children = (
				C7935AE827D82CAC00AC9457 /* LaunchScreen.storyboard */,
				C7935ADD27D82CA900AC9457 /* AppDelegate.swift */,
				C7935AE627D82CAC00AC9457 /* Assets.xcassets */,
			);
			path = SupportFiles;
			sourceTree = "<group>";
		};
		C7935B0327D9C17900AC9457 /* Main */ = {
			isa = PBXGroup;
			children = (
				C7935AE127D82CA900AC9457 /* MainController.swift */,
				C7935B0B27D9D35100AC9457 /* TabBarController.swift */,
				C7935B0427D9C1B300AC9457 /* SplashView.swift */,
			);
			path = Main;
			sourceTree = "<group>";
		};
/* End PBXGroup section */

/* Begin PBXNativeTarget section */
		C7935AD927D82CA900AC9457 /* BookS_MVVM */ = {
			isa = PBXNativeTarget;
			buildConfigurationList = C7935AEE27D82CAC00AC9457 /* Build configuration list for PBXNativeTarget "BookS_MVVM" */;
			buildPhases = (
				C7935AD627D82CA900AC9457 /* Sources */,
				C7935AD727D82CA900AC9457 /* Frameworks */,
				C7935AD827D82CA900AC9457 /* Resources */,
			);
			buildRules = (
			);
			dependencies = (
			);
			name = BookS_MVVM;
			productName = BookS_MVVM;
			productReference = C7935ADA27D82CA900AC9457 /* BookS_MVVM.app */;
			productType = "com.apple.product-type.application";
		};
/* End PBXNativeTarget section */

/* Begin PBXProject section */
		C7935AD227D82CA900AC9457 /* Project object */ = {
			isa = PBXProject;
			attributes = {
				BuildIndependentTargetsInParallel = 1;
				LastSwiftUpdateCheck = 1320;
				LastUpgradeCheck = 1320;
				TargetAttributes = {
					C7935AD927D82CA900AC9457 = {
						CreatedOnToolsVersion = 13.2;
					};
				};
			};
			buildConfigurationList = C7935AD527D82CA900AC9457 /* Build configuration list for PBXProject "BookS_MVVM" */;
			compatibilityVersion = "Xcode 13.0";
			developmentRegion = en;
			hasScannedForEncodings = 0;
			knownRegions = (
				en,
				Base,
			);
			mainGroup = C7935AD127D82CA900AC9457;
			productRefGroup = C7935ADB27D82CA900AC9457 /* Products */;
			projectDirPath = "";
			projectRoot = "";
			targets = (
				C7935AD927D82CA900AC9457 /* BookS_MVVM */,
			);
		};
/* End PBXProject section */

/* Begin PBXResourcesBuildPhase section */
		C7935AD827D82CA900AC9457 /* Resources */ = {
			isa = PBXResourcesBuildPhase;
			buildActionMask = 2147483647;
			files = (
				C7935AEA27D82CAC00AC9457 /* LaunchScreen.storyboard in Resources */,
				C7935AE727D82CAC00AC9457 /* Assets.xcassets in Resources */,
			);
			runOnlyForDeploymentPostprocessing = 0;
		};
/* End PBXResourcesBuildPhase section */

/* Begin PBXSourcesBuildPhase section */
		C7935AD627D82CA900AC9457 /* Sources */ = {
			isa = PBXSourcesBuildPhase;
			buildActionMask = 2147483647;
			files = (
				C736276C27DAF01700765DEF /* EmptySearchView.swift in Sources */,
				C736276527DAED4F00765DEF /* API.swift in Sources */,
				C736277527DAF19000765DEF /* DetailBookViewController.swift in Sources */,
				C736274227DADAF700765DEF /* SignUpViewController.swift in Sources */,
				C736273927DAD9BB00765DEF /* CoreDataStack.swift in Sources */,
				C749151C27D9E2A500C58386 /* UIImageView.swift in Sources */,
				C736273D27DADA1000765DEF /* NSManagedObjectContext+Extensions.swift in Sources */,
				C7935AE227D82CA900AC9457 /* MainController.swift in Sources */,
				C736277F27DAF2B400765DEF /* HeaderDetailBookTableViewCell.swift in Sources */,
				C736275827DAE0A000765DEF /* DetailBook.swift in Sources */,
				C736277927DAF22200765DEF /* ListBooksView.swift in Sources */,
				C736274A27DADBE400765DEF /* SignInView.swift in Sources */,
				C7935ADE27D82CA900AC9457 /* AppDelegate.swift in Sources */,
				C736276227DAECB200765DEF /* BookFavoriteModel.swift in Sources */,
				C736277327DAF10700765DEF /* HomeViewController.swift in Sources */,
				C736277B27DAF24B00765DEF /* DetailBookView.swift in Sources */,
				C736273B27DAD9F300765DEF /* Managed.swift in Sources */,
				C736275327DADEB100765DEF /* ProfileView.swift in Sources */,
				C736274827DADBA300765DEF /* SignUpView.swift in Sources */,
				C736276A27DAEFC900765DEF /* SearchViewController.swift in Sources */,
				C736274627DADB5C00765DEF /* LoginViewModel.swift in Sources */,
				C736276027DAE77A00765DEF /* CoreData.xcdatamodeld in Sources */,
				C7935B0527D9C1B300AC9457 /* SplashView.swift in Sources */,
				C736274D27DADD4E00765DEF /* ProfileViewController.swift in Sources */,
				C736275627DADFD500765DEF /* Book.swift in Sources */,
				C736274027DADAB500765DEF /* SignInViewController.swift in Sources */,
				C736278127DAF2D000765DEF /* InfoDetailBookTableViewCell.swift in Sources */,
				C736277727DAF1B700765DEF /* HomeViewModel.swift in Sources */,
				C736276E27DAF04100765DEF /* SearchViewModel.swift in Sources */,
				C736277D27DAF26C00765DEF /* BookTableViewCell.swift in Sources */,
				C736275127DADE4300765DEF /* ProfileViewModel.swift in Sources */,
				C736275A27DAE0F600765DEF /* UserModel.swift in Sources */,
				C7935B0C27D9D35100AC9457 /* TabBarController.swift in Sources */,
			);
			runOnlyForDeploymentPostprocessing = 0;
		};
/* End PBXSourcesBuildPhase section */

/* Begin PBXVariantGroup section */
		C7935AE827D82CAC00AC9457 /* LaunchScreen.storyboard */ = {
			isa = PBXVariantGroup;
			children = (
				C7935AE927D82CAC00AC9457 /* Base */,
			);
			name = LaunchScreen.storyboard;
			sourceTree = "<group>";
		};
/* End PBXVariantGroup section */

/* Begin XCBuildConfiguration section */
		C7935AEC27D82CAC00AC9457 /* Debug */ = {
			isa = XCBuildConfiguration;
			buildSettings = {
				ALWAYS_SEARCH_USER_PATHS = NO;
				CLANG_ANALYZER_NONNULL = YES;
				CLANG_ANALYZER_NUMBER_OBJECT_CONVERSION = YES_AGGRESSIVE;
				CLANG_CXX_LANGUAGE_STANDARD = "gnu++17";
				CLANG_CXX_LIBRARY = "libc++";
				CLANG_ENABLE_MODULES = YES;
				CLANG_ENABLE_OBJC_ARC = YES;
				CLANG_ENABLE_OBJC_WEAK = YES;
				CLANG_WARN_BLOCK_CAPTURE_AUTORELEASING = YES;
				CLANG_WARN_BOOL_CONVERSION = YES;
				CLANG_WARN_COMMA = YES;
				CLANG_WARN_CONSTANT_CONVERSION = YES;
				CLANG_WARN_DEPRECATED_OBJC_IMPLEMENTATIONS = YES;
				CLANG_WARN_DIRECT_OBJC_ISA_USAGE = YES_ERROR;
				CLANG_WARN_DOCUMENTATION_COMMENTS = YES;
				CLANG_WARN_EMPTY_BODY = YES;
				CLANG_WARN_ENUM_CONVERSION = YES;
				CLANG_WARN_INFINITE_RECURSION = YES;
				CLANG_WARN_INT_CONVERSION = YES;
				CLANG_WARN_NON_LITERAL_NULL_CONVERSION = YES;
				CLANG_WARN_OBJC_IMPLICIT_RETAIN_SELF = YES;
				CLANG_WARN_OBJC_LITERAL_CONVERSION = YES;
				CLANG_WARN_OBJC_ROOT_CLASS = YES_ERROR;
				CLANG_WARN_QUOTED_INCLUDE_IN_FRAMEWORK_HEADER = YES;
				CLANG_WARN_RANGE_LOOP_ANALYSIS = YES;
				CLANG_WARN_STRICT_PROTOTYPES = YES;
				CLANG_WARN_SUSPICIOUS_MOVE = YES;
				CLANG_WARN_UNGUARDED_AVAILABILITY = YES_AGGRESSIVE;
				CLANG_WARN_UNREACHABLE_CODE = YES;
				CLANG_WARN__DUPLICATE_METHOD_MATCH = YES;
				COPY_PHASE_STRIP = NO;
				DEBUG_INFORMATION_FORMAT = dwarf;
				ENABLE_STRICT_OBJC_MSGSEND = YES;
				ENABLE_TESTABILITY = YES;
				GCC_C_LANGUAGE_STANDARD = gnu11;
				GCC_DYNAMIC_NO_PIC = NO;
				GCC_NO_COMMON_BLOCKS = YES;
				GCC_OPTIMIZATION_LEVEL = 0;
				GCC_PREPROCESSOR_DEFINITIONS = (
					"DEBUG=1",
					"$(inherited)",
				);
				GCC_WARN_64_TO_32_BIT_CONVERSION = YES;
				GCC_WARN_ABOUT_RETURN_TYPE = YES_ERROR;
				GCC_WARN_UNDECLARED_SELECTOR = YES;
				GCC_WARN_UNINITIALIZED_AUTOS = YES_AGGRESSIVE;
				GCC_WARN_UNUSED_FUNCTION = YES;
				GCC_WARN_UNUSED_VARIABLE = YES;
				IPHONEOS_DEPLOYMENT_TARGET = 15.2;
				MTL_ENABLE_DEBUG_INFO = INCLUDE_SOURCE;
				MTL_FAST_MATH = YES;
				ONLY_ACTIVE_ARCH = YES;
				SDKROOT = iphoneos;
				SWIFT_ACTIVE_COMPILATION_CONDITIONS = DEBUG;
				SWIFT_OPTIMIZATION_LEVEL = "-Onone";
			};
			name = Debug;
		};
		C7935AED27D82CAC00AC9457 /* Release */ = {
			isa = XCBuildConfiguration;
			buildSettings = {
				ALWAYS_SEARCH_USER_PATHS = NO;
				CLANG_ANALYZER_NONNULL = YES;
				CLANG_ANALYZER_NUMBER_OBJECT_CONVERSION = YES_AGGRESSIVE;
				CLANG_CXX_LANGUAGE_STANDARD = "gnu++17";
				CLANG_CXX_LIBRARY = "libc++";
				CLANG_ENABLE_MODULES = YES;
				CLANG_ENABLE_OBJC_ARC = YES;
				CLANG_ENABLE_OBJC_WEAK = YES;
				CLANG_WARN_BLOCK_CAPTURE_AUTORELEASING = YES;
				CLANG_WARN_BOOL_CONVERSION = YES;
				CLANG_WARN_COMMA = YES;
				CLANG_WARN_CONSTANT_CONVERSION = YES;
				CLANG_WARN_DEPRECATED_OBJC_IMPLEMENTATIONS = YES;
				CLANG_WARN_DIRECT_OBJC_ISA_USAGE = YES_ERROR;
				CLANG_WARN_DOCUMENTATION_COMMENTS = YES;
				CLANG_WARN_EMPTY_BODY = YES;
				CLANG_WARN_ENUM_CONVERSION = YES;
				CLANG_WARN_INFINITE_RECURSION = YES;
				CLANG_WARN_INT_CONVERSION = YES;
				CLANG_WARN_NON_LITERAL_NULL_CONVERSION = YES;
				CLANG_WARN_OBJC_IMPLICIT_RETAIN_SELF = YES;
				CLANG_WARN_OBJC_LITERAL_CONVERSION = YES;
				CLANG_WARN_OBJC_ROOT_CLASS = YES_ERROR;
				CLANG_WARN_QUOTED_INCLUDE_IN_FRAMEWORK_HEADER = YES;
				CLANG_WARN_RANGE_LOOP_ANALYSIS = YES;
				CLANG_WARN_STRICT_PROTOTYPES = YES;
				CLANG_WARN_SUSPICIOUS_MOVE = YES;
				CLANG_WARN_UNGUARDED_AVAILABILITY = YES_AGGRESSIVE;
				CLANG_WARN_UNREACHABLE_CODE = YES;
				CLANG_WARN__DUPLICATE_METHOD_MATCH = YES;
				COPY_PHASE_STRIP = NO;
				DEBUG_INFORMATION_FORMAT = "dwarf-with-dsym";
				ENABLE_NS_ASSERTIONS = NO;
				ENABLE_STRICT_OBJC_MSGSEND = YES;
				GCC_C_LANGUAGE_STANDARD = gnu11;
				GCC_NO_COMMON_BLOCKS = YES;
				GCC_WARN_64_TO_32_BIT_CONVERSION = YES;
				GCC_WARN_ABOUT_RETURN_TYPE = YES_ERROR;
				GCC_WARN_UNDECLARED_SELECTOR = YES;
				GCC_WARN_UNINITIALIZED_AUTOS = YES_AGGRESSIVE;
				GCC_WARN_UNUSED_FUNCTION = YES;
				GCC_WARN_UNUSED_VARIABLE = YES;
				IPHONEOS_DEPLOYMENT_TARGET = 15.2;
				MTL_ENABLE_DEBUG_INFO = NO;
				MTL_FAST_MATH = YES;
				SDKROOT = iphoneos;
				SWIFT_COMPILATION_MODE = wholemodule;
				SWIFT_OPTIMIZATION_LEVEL = "-O";
				VALIDATE_PRODUCT = YES;
			};
			name = Release;
		};
		C7935AEF27D82CAC00AC9457 /* Debug */ = {
			isa = XCBuildConfiguration;
			buildSettings = {
				ASSETCATALOG_COMPILER_APPICON_NAME = AppIcon;
				ASSETCATALOG_COMPILER_GLOBAL_ACCENT_COLOR_NAME = AccentColor;
				CODE_SIGN_STYLE = Automatic;
				CURRENT_PROJECT_VERSION = 1;
				DEVELOPMENT_TEAM = 7J58VMDCUU;
				GENERATE_INFOPLIST_FILE = YES;
				INFOPLIST_FILE = BookS_MVVM/Info.plist;
				INFOPLIST_KEY_NSCameraUsageDescription = allow;
				INFOPLIST_KEY_NSPhotoLibraryUsageDescription = allow;
				INFOPLIST_KEY_UIApplicationSupportsIndirectInputEvents = YES;
				INFOPLIST_KEY_UILaunchStoryboardName = LaunchScreen;
				INFOPLIST_KEY_UISupportedInterfaceOrientations_iPad = "UIInterfaceOrientationPortrait UIInterfaceOrientationPortraitUpsideDown UIInterfaceOrientationLandscapeLeft UIInterfaceOrientationLandscapeRight";
				INFOPLIST_KEY_UISupportedInterfaceOrientations_iPhone = "UIInterfaceOrientationPortrait UIInterfaceOrientationLandscapeLeft UIInterfaceOrientationLandscapeRight";
				LD_RUNPATH_SEARCH_PATHS = (
					"$(inherited)",
					"@executable_path/Frameworks",
				);
				MARKETING_VERSION = 1.0;
				PRODUCT_BUNDLE_IDENTIFIER = "com.sgpv.BookS-MVVM";
				PRODUCT_NAME = "$(TARGET_NAME)";
				SWIFT_EMIT_LOC_STRINGS = YES;
				SWIFT_VERSION = 5.0;
				TARGETED_DEVICE_FAMILY = "1,2";
			};
			name = Debug;
		};
		C7935AF027D82CAC00AC9457 /* Release */ = {
			isa = XCBuildConfiguration;
			buildSettings = {
				ASSETCATALOG_COMPILER_APPICON_NAME = AppIcon;
				ASSETCATALOG_COMPILER_GLOBAL_ACCENT_COLOR_NAME = AccentColor;
				CODE_SIGN_STYLE = Automatic;
				CURRENT_PROJECT_VERSION = 1;
				DEVELOPMENT_TEAM = 7J58VMDCUU;
				GENERATE_INFOPLIST_FILE = YES;
				INFOPLIST_FILE = BookS_MVVM/Info.plist;
				INFOPLIST_KEY_NSCameraUsageDescription = allow;
				INFOPLIST_KEY_NSPhotoLibraryUsageDescription = allow;
				INFOPLIST_KEY_UIApplicationSupportsIndirectInputEvents = YES;
				INFOPLIST_KEY_UILaunchStoryboardName = LaunchScreen;
				INFOPLIST_KEY_UISupportedInterfaceOrientations_iPad = "UIInterfaceOrientationPortrait UIInterfaceOrientationPortraitUpsideDown UIInterfaceOrientationLandscapeLeft UIInterfaceOrientationLandscapeRight";
				INFOPLIST_KEY_UISupportedInterfaceOrientations_iPhone = "UIInterfaceOrientationPortrait UIInterfaceOrientationLandscapeLeft UIInterfaceOrientationLandscapeRight";
				LD_RUNPATH_SEARCH_PATHS = (
					"$(inherited)",
					"@executable_path/Frameworks",
				);
				MARKETING_VERSION = 1.0;
				PRODUCT_BUNDLE_IDENTIFIER = "com.sgpv.BookS-MVVM";
				PRODUCT_NAME = "$(TARGET_NAME)";
				SWIFT_EMIT_LOC_STRINGS = YES;
				SWIFT_VERSION = 5.0;
				TARGETED_DEVICE_FAMILY = "1,2";
			};
			name = Release;
		};
/* End XCBuildConfiguration section */

/* Begin XCConfigurationList section */
		C7935AD527D82CA900AC9457 /* Build configuration list for PBXProject "BookS_MVVM" */ = {
			isa = XCConfigurationList;
			buildConfigurations = (
				C7935AEC27D82CAC00AC9457 /* Debug */,
				C7935AED27D82CAC00AC9457 /* Release */,
			);
			defaultConfigurationIsVisible = 0;
			defaultConfigurationName = Release;
		};
		C7935AEE27D82CAC00AC9457 /* Build configuration list for PBXNativeTarget "BookS_MVVM" */ = {
			isa = XCConfigurationList;
			buildConfigurations = (
				C7935AEF27D82CAC00AC9457 /* Debug */,
				C7935AF027D82CAC00AC9457 /* Release */,
			);
			defaultConfigurationIsVisible = 0;
			defaultConfigurationName = Release;
		};
/* End XCConfigurationList section */

/* Begin XCVersionGroup section */
		C736275E27DAE77A00765DEF /* CoreData.xcdatamodeld */ = {
			isa = XCVersionGroup;
			children = (
				C736275F27DAE77A00765DEF /* CoreData.xcdatamodel */,
			);
			currentVersion = C736275F27DAE77A00765DEF /* CoreData.xcdatamodel */;
			path = CoreData.xcdatamodeld;
			sourceTree = "<group>";
			versionGroupType = wrapper.xcdatamodel;
		};
/* End XCVersionGroup section */
	};
	rootObject = C7935AD227D82CA900AC9457 /* Project object */;
}
